
Microsoft Visual Studio Solution File, Format Version 12.00
# Visual Studio 2012
Project("{FAE04EC0-301F-11D3-BF4B-00C04F79EFBC}") = "ParallelCoords", "ParallelCoords\ParallelCoords.csproj", "{1681CCDB-A266-40DA-816F-0B4AE00E6375}"
EndProject
Global
	GlobalSection(SolutionConfigurationPlatforms) = preSolution
		Debug|Any CPU = Debug|Any CPU
		Release|Any CPU = Release|Any CPU
	EndGlobalSection
	GlobalSection(ProjectConfigurationPlatforms) = postSolution
		{1681CCDB-A266-40DA-816F-0B4AE00E6375}.Debug|Any CPU.ActiveCfg = Debug|Any CPU
		{1681CCDB-A266-40DA-816F-0B4AE00E6375}.Debug|Any CPU.Build.0 = Debug|Any CPU
		{1681CCDB-A266-40DA-816F-0B4AE00E6375}.Release|Any CPU.ActiveCfg = Release|Any CPU
		{1681CCDB-A266-40DA-816F-0B4AE00E6375}.Release|Any CPU.Build.0 = Release|Any CPU
	EndGlobalSection
	GlobalSection(SolutionProperties) = preSolution
		HideSolutionNode = FALSE
	EndGlobalSection
EndGlobal
